// !$*UTF8*$!
{
	archiveVersion = 1;
	classes = {
	};
	objectVersion = 55;
	objects = {

/* Begin PBXBuildFile section */
		000FCCBE270FE3F1007ED2DF /* AppDelegate.swift in Sources */ = {isa = PBXBuildFile; fileRef = 000FCCBD270FE3F1007ED2DF /* AppDelegate.swift */; };
		000FCCC0270FE3F1007ED2DF /* SceneDelegate.swift in Sources */ = {isa = PBXBuildFile; fileRef = 000FCCBF270FE3F1007ED2DF /* SceneDelegate.swift */; };
		000FCCC2270FE3F1007ED2DF /* ViewController.swift in Sources */ = {isa = PBXBuildFile; fileRef = 000FCCC1270FE3F1007ED2DF /* ViewController.swift */; };
		000FCCC5270FE3F1007ED2DF /* Main.storyboard in Resources */ = {isa = PBXBuildFile; fileRef = 000FCCC3270FE3F1007ED2DF /* Main.storyboard */; };
		000FCCC7270FE3F3007ED2DF /* Assets.xcassets in Resources */ = {isa = PBXBuildFile; fileRef = 000FCCC6270FE3F3007ED2DF /* Assets.xcassets */; };
		000FCCCA270FE3F3007ED2DF /* LaunchScreen.storyboard in Resources */ = {isa = PBXBuildFile; fileRef = 000FCCC8270FE3F3007ED2DF /* LaunchScreen.storyboard */; };
		000FCCD2270FEC0E007ED2DF /* LoginViewController.swift in Sources */ = {isa = PBXBuildFile; fileRef = 000FCCD1270FEC0E007ED2DF /* LoginViewController.swift */; };
		000FCCD4270FEF9B007ED2DF /* SignupViewController.swift in Sources */ = {isa = PBXBuildFile; fileRef = 000FCCD3270FEF9B007ED2DF /* SignupViewController.swift */; };
		000FCCD6270FFAE9007ED2DF /* ProfileViewController.swift in Sources */ = {isa = PBXBuildFile; fileRef = 000FCCD5270FFAE9007ED2DF /* ProfileViewController.swift */; };
		003C2C772717DAA7008614FB /* FriendsCollectionViewController.swift in Sources */ = {isa = PBXBuildFile; fileRef = 003C2C762717DAA7008614FB /* FriendsCollectionViewController.swift */; };
		0097123027168C8B00A77593 /* ProfileEditViewController.swift in Sources */ = {isa = PBXBuildFile; fileRef = 0097122F27168C8B00A77593 /* ProfileEditViewController.swift */; };
		0097123227168E6600A77593 /* SettingTableViewCell.swift in Sources */ = {isa = PBXBuildFile; fileRef = 0097123127168E6600A77593 /* SettingTableViewCell.swift */; };
		009712342716C1ED00A77593 /* SwitchTableViewCell.swift in Sources */ = {isa = PBXBuildFile; fileRef = 009712332716C1ED00A77593 /* SwitchTableViewCell.swift */; };
		009712382717CD8700A77593 /* SettingProfileTableViewController.swift in Sources */ = {isa = PBXBuildFile; fileRef = 009712372717CD8700A77593 /* SettingProfileTableViewController.swift */; };
/* End PBXBuildFile section */

/* Begin PBXFileReference section */
		000FCCBA270FE3F1007ED2DF /* Assignment2.app */ = {isa = PBXFileReference; explicitFileType = wrapper.application; includeInIndex = 0; path = Assignment2.app; sourceTree = BUILT_PRODUCTS_DIR; };
		000FCCBD270FE3F1007ED2DF /* AppDelegate.swift */ = {isa = PBXFileReference; lastKnownFileType = sourcecode.swift; path = AppDelegate.swift; sourceTree = "<group>"; };
		000FCCBF270FE3F1007ED2DF /* SceneDelegate.swift */ = {isa = PBXFileReference; lastKnownFileType = sourcecode.swift; path = SceneDelegate.swift; sourceTree = "<group>"; };
		000FCCC1270FE3F1007ED2DF /* ViewController.swift */ = {isa = PBXFileReference; lastKnownFileType = sourcecode.swift; path = ViewController.swift; sourceTree = "<group>"; };
		000FCCC4270FE3F1007ED2DF /* Base */ = {isa = PBXFileReference; lastKnownFileType = file.storyboard; name = Base; path = Base.lproj/Main.storyboard; sourceTree = "<group>"; };
		000FCCC6270FE3F3007ED2DF /* Assets.xcassets */ = {isa = PBXFileReference; lastKnownFileType = folder.assetcatalog; path = Assets.xcassets; sourceTree = "<group>"; };
		000FCCC9270FE3F3007ED2DF /* Base */ = {isa = PBXFileReference; lastKnownFileType = file.storyboard; name = Base; path = Base.lproj/LaunchScreen.storyboard; sourceTree = "<group>"; };
		000FCCCB270FE3F3007ED2DF /* Info.plist */ = {isa = PBXFileReference; lastKnownFileType = text.plist.xml; path = Info.plist; sourceTree = "<group>"; };
		000FCCD1270FEC0E007ED2DF /* LoginViewController.swift */ = {isa = PBXFileReference; lastKnownFileType = sourcecode.swift; path = LoginViewController.swift; sourceTree = "<group>"; };
		000FCCD3270FEF9B007ED2DF /* SignupViewController.swift */ = {isa = PBXFileReference; lastKnownFileType = sourcecode.swift; path = SignupViewController.swift; sourceTree = "<group>"; };
		000FCCD5270FFAE9007ED2DF /* ProfileViewController.swift */ = {isa = PBXFileReference; lastKnownFileType = sourcecode.swift; path = ProfileViewController.swift; sourceTree = "<group>"; };
		003C2C762717DAA7008614FB /* FriendsCollectionViewController.swift */ = {isa = PBXFileReference; lastKnownFileType = sourcecode.swift; path = FriendsCollectionViewController.swift; sourceTree = "<group>"; };
		0097122F27168C8B00A77593 /* ProfileEditViewController.swift */ = {isa = PBXFileReference; lastKnownFileType = sourcecode.swift; path = ProfileEditViewController.swift; sourceTree = "<group>"; };
		0097123127168E6600A77593 /* SettingTableViewCell.swift */ = {isa = PBXFileReference; lastKnownFileType = sourcecode.swift; path = SettingTableViewCell.swift; sourceTree = "<group>"; };
		009712332716C1ED00A77593 /* SwitchTableViewCell.swift */ = {isa = PBXFileReference; lastKnownFileType = sourcecode.swift; path = SwitchTableViewCell.swift; sourceTree = "<group>"; };
		009712372717CD8700A77593 /* SettingProfileTableViewController.swift */ = {isa = PBXFileReference; lastKnownFileType = sourcecode.swift; path = SettingProfileTableViewController.swift; sourceTree = "<group>"; };
/* End PBXFileReference section */

/* Begin PBXFrameworksBuildPhase section */
		000FCCB7270FE3F1007ED2DF /* Frameworks */ = {
			isa = PBXFrameworksBuildPhase;
			buildActionMask = 2147483647;
			files = (
			);
			runOnlyForDeploymentPostprocessing = 0;
		};
/* End PBXFrameworksBuildPhase section */

/* Begin PBXGroup section */
		000FCCB1270FE3F1007ED2DF = {
			isa = PBXGroup;
			children = (
				000FCCBC270FE3F1007ED2DF /* Assignment2 */,
				000FCCBB270FE3F1007ED2DF /* Products */,
			);
			sourceTree = "<group>";
		};
		000FCCBB270FE3F1007ED2DF /* Products */ = {
			isa = PBXGroup;
			children = (
				000FCCBA270FE3F1007ED2DF /* Assignment2.app */,
			);
			name = Products;
			sourceTree = "<group>";
		};
		000FCCBC270FE3F1007ED2DF /* Assignment2 */ = {
			isa = PBXGroup;
			children = (
				000FCCBD270FE3F1007ED2DF /* AppDelegate.swift */,
				000FCCBF270FE3F1007ED2DF /* SceneDelegate.swift */,
				000FCCC1270FE3F1007ED2DF /* ViewController.swift */,
				000FCCC3270FE3F1007ED2DF /* Main.storyboard */,
				003C2C762717DAA7008614FB /* FriendsCollectionViewController.swift */,
				009712372717CD8700A77593 /* SettingProfileTableViewController.swift */,
				0097122F27168C8B00A77593 /* ProfileEditViewController.swift */,
				000FCCD5270FFAE9007ED2DF /* ProfileViewController.swift */,
				000FCCD3270FEF9B007ED2DF /* SignupViewController.swift */,
				000FCCD1270FEC0E007ED2DF /* LoginViewController.swift */,
				000FCCC6270FE3F3007ED2DF /* Assets.xcassets */,
				000FCCC8270FE3F3007ED2DF /* LaunchScreen.storyboard */,
				000FCCCB270FE3F3007ED2DF /* Info.plist */,
				0097123127168E6600A77593 /* SettingTableViewCell.swift */,
				009712332716C1ED00A77593 /* SwitchTableViewCell.swift */,
			);
			path = Assignment2;
			sourceTree = "<group>";
		};
/* End PBXGroup section */

/* Begin PBXNativeTarget section */
		000FCCB9270FE3F1007ED2DF /* Assignment2 */ = {
			isa = PBXNativeTarget;
			buildConfigurationList = 000FCCCE270FE3F3007ED2DF /* Build configuration list for PBXNativeTarget "Assignment2" */;
			buildPhases = (
				000FCCB6270FE3F1007ED2DF /* Sources */,
				000FCCB7270FE3F1007ED2DF /* Frameworks */,
				000FCCB8270FE3F1007ED2DF /* Resources */,
			);
			buildRules = (
			);
			dependencies = (
			);
			name = Assignment2;
			productName = Assignment2;
			productReference = 000FCCBA270FE3F1007ED2DF /* Assignment2.app */;
			productType = "com.apple.product-type.application";
		};
/* End PBXNativeTarget section */

/* Begin PBXProject section */
		000FCCB2270FE3F1007ED2DF /* Project object */ = {
			isa = PBXProject;
			attributes = {
				BuildIndependentTargetsInParallel = 1;
				LastSwiftUpdateCheck = 1300;
				LastUpgradeCheck = 1300;
				TargetAttributes = {
					000FCCB9270FE3F1007ED2DF = {
						CreatedOnToolsVersion = 13.0;
					};
				};
			};
			buildConfigurationList = 000FCCB5270FE3F1007ED2DF /* Build configuration list for PBXProject "Assignment2" */;
			compatibilityVersion = "Xcode 13.0";
			developmentRegion = en;
			hasScannedForEncodings = 0;
			knownRegions = (
				en,
				Base,
			);
			mainGroup = 000FCCB1270FE3F1007ED2DF;
			productRefGroup = 000FCCBB270FE3F1007ED2DF /* Products */;
			projectDirPath = "";
			projectRoot = "";
			targets = (
				000FCCB9270FE3F1007ED2DF /* Assignment2 */,
			);
		};
/* End PBXProject section */

/* Begin PBXResourcesBuildPhase section */
		000FCCB8270FE3F1007ED2DF /* Resources */ = {
			isa = PBXResourcesBuildPhase;
			buildActionMask = 2147483647;
			files = (
				000FCCCA270FE3F3007ED2DF /* LaunchScreen.storyboard in Resources */,
				000FCCC7270FE3F3007ED2DF /* Assets.xcassets in Resources */,
				000FCCC5270FE3F1007ED2DF /* Main.storyboard in Resources */,
			);
			runOnlyForDeploymentPostprocessing = 0;
		};
/* End PBXResourcesBuildPhase section */

/* Begin PBXSourcesBuildPhase section */
		000FCCB6270FE3F1007ED2DF /* Sources */ = {
			isa = PBXSourcesBuildPhase;
			buildActionMask = 2147483647;
			files = (
				009712382717CD8700A77593 /* SettingProfileTableViewController.swift in Sources */,
				000FCCD6270FFAE9007ED2DF /* ProfileViewController.swift in Sources */,
				003C2C772717DAA7008614FB /* FriendsCollectionViewController.swift in Sources */,
				0097123027168C8B00A77593 /* ProfileEditViewController.swift in Sources */,
				000FCCD2270FEC0E007ED2DF /* LoginViewController.swift in Sources */,
				000FCCC2270FE3F1007ED2DF /* ViewController.swift in Sources */,
				000FCCD4270FEF9B007ED2DF /* SignupViewController.swift in Sources */,
				009712342716C1ED00A77593 /* SwitchTableViewCell.swift in Sources */,
				000FCCBE270FE3F1007ED2DF /* AppDelegate.swift in Sources */,
				0097123227168E6600A77593 /* SettingTableViewCell.swift in Sources */,
				000FCCC0270FE3F1007ED2DF /* SceneDelegate.swift in Sources */,
			);
			runOnlyForDeploymentPostprocessing = 0;
		};
/* End PBXSourcesBuildPhase section */

/* Begin PBXVariantGroup section */
		000FCCC3270FE3F1007ED2DF /* Main.storyboard */ = {
			isa = PBXVariantGroup;
			children = (
				000FCCC4270FE3F1007ED2DF /* Base */,
			);
			name = Main.storyboard;
			sourceTree = "<group>";
		};
		000FCCC8270FE3F3007ED2DF /* LaunchScreen.storyboard */ = {
			isa = PBXVariantGroup;
			children = (
				000FCCC9270FE3F3007ED2DF /* Base */,
			);
			name = LaunchScreen.storyboard;
			sourceTree = "<group>";
		};
/* End PBXVariantGroup section */

/* Begin XCBuildConfiguration section */
		000FCCCC270FE3F3007ED2DF /* Debug */ = {
			isa = XCBuildConfiguration;
			buildSettings = {
				ALWAYS_SEARCH_USER_PATHS = NO;
				CLANG_ANALYZER_NONNULL = YES;
				CLANG_ANALYZER_NUMBER_OBJECT_CONVERSION = YES_AGGRESSIVE;
				CLANG_CXX_LANGUAGE_STANDARD = "gnu++17";
				CLANG_CXX_LIBRARY = "libc++";
				CLANG_ENABLE_MODULES = YES;
				CLANG_ENABLE_OBJC_ARC = YES;
				CLANG_ENABLE_OBJC_WEAK = YES;
				CLANG_WARN_BLOCK_CAPTURE_AUTORELEASING = YES;
				CLANG_WARN_BOOL_CONVERSION = YES;
				CLANG_WARN_COMMA = YES;
				CLANG_WARN_CONSTANT_CONVERSION = YES;
				CLANG_WARN_DEPRECATED_OBJC_IMPLEMENTATIONS = YES;
				CLANG_WARN_DIRECT_OBJC_ISA_USAGE = YES_ERROR;
				CLANG_WARN_DOCUMENTATION_COMMENTS = YES;
				CLANG_WARN_EMPTY_BODY = YES;
				CLANG_WARN_ENUM_CONVERSION = YES;
				CLANG_WARN_INFINITE_RECURSION = YES;
				CLANG_WARN_INT_CONVERSION = YES;
				CLANG_WARN_NON_LITERAL_NULL_CONVERSION = YES;
				CLANG_WARN_OBJC_IMPLICIT_RETAIN_SELF = YES;
				CLANG_WARN_OBJC_LITERAL_CONVERSION = YES;
				CLANG_WARN_OBJC_ROOT_CLASS = YES_ERROR;
				CLANG_WARN_QUOTED_INCLUDE_IN_FRAMEWORK_HEADER = YES;
				CLANG_WARN_RANGE_LOOP_ANALYSIS = YES;
				CLANG_WARN_STRICT_PROTOTYPES = YES;
				CLANG_WARN_SUSPICIOUS_MOVE = YES;
				CLANG_WARN_UNGUARDED_AVAILABILITY = YES_AGGRESSIVE;
				CLANG_WARN_UNREACHABLE_CODE = YES;
				CLANG_WARN__DUPLICATE_METHOD_MATCH = YES;
				COPY_PHASE_STRIP = NO;
				DEBUG_INFORMATION_FORMAT = dwarf;
				ENABLE_STRICT_OBJC_MSGSEND = YES;
				ENABLE_TESTABILITY = YES;
				GCC_C_LANGUAGE_STANDARD = gnu11;
				GCC_DYNAMIC_NO_PIC = NO;
				GCC_NO_COMMON_BLOCKS = YES;
				GCC_OPTIMIZATION_LEVEL = 0;
				GCC_PREPROCESSOR_DEFINITIONS = (
					"DEBUG=1",
					"$(inherited)",
				);
				GCC_WARN_64_TO_32_BIT_CONVERSION = YES;
				GCC_WARN_ABOUT_RETURN_TYPE = YES_ERROR;
				GCC_WARN_UNDECLARED_SELECTOR = YES;
				GCC_WARN_UNINITIALIZED_AUTOS = YES_AGGRESSIVE;
				GCC_WARN_UNUSED_FUNCTION = YES;
				GCC_WARN_UNUSED_VARIABLE = YES;
				IPHONEOS_DEPLOYMENT_TARGET = 15.0;
				MTL_ENABLE_DEBUG_INFO = INCLUDE_SOURCE;
				MTL_FAST_MATH = YES;
				ONLY_ACTIVE_ARCH = YES;
				SDKROOT = iphoneos;
				SWIFT_ACTIVE_COMPILATION_CONDITIONS = DEBUG;
				SWIFT_OPTIMIZATION_LEVEL = "-Onone";
			};
			name = Debug;
		};
		000FCCCD270FE3F3007ED2DF /* Release */ = {
			isa = XCBuildConfiguration;
			buildSettings = {
				ALWAYS_SEARCH_USER_PATHS = NO;
				CLANG_ANALYZER_NONNULL = YES;
				CLANG_ANALYZER_NUMBER_OBJECT_CONVERSION = YES_AGGRESSIVE;
				CLANG_CXX_LANGUAGE_STANDARD = "gnu++17";
				CLANG_CXX_LIBRARY = "libc++";
				CLANG_ENABLE_MODULES = YES;
				CLANG_ENABLE_OBJC_ARC = YES;
				CLANG_ENABLE_OBJC_WEAK = YES;
				CLANG_WARN_BLOCK_CAPTURE_AUTORELEASING = YES;
				CLANG_WARN_BOOL_CONVERSION = YES;
				CLANG_WARN_COMMA = YES;
				CLANG_WARN_CONSTANT_CONVERSION = YES;
				CLANG_WARN_DEPRECATED_OBJC_IMPLEMENTATIONS = YES;
				CLANG_WARN_DIRECT_OBJC_ISA_USAGE = YES_ERROR;
				CLANG_WARN_DOCUMENTATION_COMMENTS = YES;
				CLANG_WARN_EMPTY_BODY = YES;
				CLANG_WARN_ENUM_CONVERSION = YES;
				CLANG_WARN_INFINITE_RECURSION = YES;
				CLANG_WARN_INT_CONVERSION = YES;
				CLANG_WARN_NON_LITERAL_NULL_CONVERSION = YES;
				CLANG_WARN_OBJC_IMPLICIT_RETAIN_SELF = YES;
				CLANG_WARN_OBJC_LITERAL_CONVERSION = YES;
				CLANG_WARN_OBJC_ROOT_CLASS = YES_ERROR;
				CLANG_WARN_QUOTED_INCLUDE_IN_FRAMEWORK_HEADER = YES;
				CLANG_WARN_RANGE_LOOP_ANALYSIS = YES;
				CLANG_WARN_STRICT_PROTOTYPES = YES;
				CLANG_WARN_SUSPICIOUS_MOVE = YES;
				CLANG_WARN_UNGUARDED_AVAILABILITY = YES_AGGRESSIVE;
				CLANG_WARN_UNREACHABLE_CODE = YES;
				CLANG_WARN__DUPLICATE_METHOD_MATCH = YES;
				COPY_PHASE_STRIP = NO;
				DEBUG_INFORMATION_FORMAT = "dwarf-with-dsym";
				ENABLE_NS_ASSERTIONS = NO;
				ENABLE_STRICT_OBJC_MSGSEND = YES;
				GCC_C_LANGUAGE_STANDARD = gnu11;
				GCC_NO_COMMON_BLOCKS = YES;
				GCC_WARN_64_TO_32_BIT_CONVERSION = YES;
				GCC_WARN_ABOUT_RETURN_TYPE = YES_ERROR;
				GCC_WARN_UNDECLARED_SELECTOR = YES;
				GCC_WARN_UNINITIALIZED_AUTOS = YES_AGGRESSIVE;
				GCC_WARN_UNUSED_FUNCTION = YES;
				GCC_WARN_UNUSED_VARIABLE = YES;
				IPHONEOS_DEPLOYMENT_TARGET = 15.0;
				MTL_ENABLE_DEBUG_INFO = NO;
				MTL_FAST_MATH = YES;
				SDKROOT = iphoneos;
				SWIFT_COMPILATION_MODE = wholemodule;
				SWIFT_OPTIMIZATION_LEVEL = "-O";
				VALIDATE_PRODUCT = YES;
			};
			name = Release;
		};
		000FCCCF270FE3F3007ED2DF /* Debug */ = {
			isa = XCBuildConfiguration;
			buildSettings = {
				ASSETCATALOG_COMPILER_APPICON_NAME = AppIcon;
				ASSETCATALOG_COMPILER_GLOBAL_ACCENT_COLOR_NAME = AccentColor;
				CODE_SIGN_STYLE = Automatic;
				CURRENT_PROJECT_VERSION = 1;
				DEVELOPMENT_TEAM = W8F4V4L55U;
				GENERATE_INFOPLIST_FILE = YES;
				INFOPLIST_FILE = Assignment2/Info.plist;
				INFOPLIST_KEY_UIApplicationSupportsIndirectInputEvents = YES;
				INFOPLIST_KEY_UILaunchStoryboardName = LaunchScreen;
				INFOPLIST_KEY_UIMainStoryboardFile = Main;
				INFOPLIST_KEY_UISupportedInterfaceOrientations_iPad = "UIInterfaceOrientationPortrait UIInterfaceOrientationPortraitUpsideDown UIInterfaceOrientationLandscapeLeft UIInterfaceOrientationLandscapeRight";
				INFOPLIST_KEY_UISupportedInterfaceOrientations_iPhone = "UIInterfaceOrientationPortrait UIInterfaceOrientationLandscapeLeft UIInterfaceOrientationLandscapeRight";
				LD_RUNPATH_SEARCH_PATHS = (
					"$(inherited)",
					"@executable_path/Frameworks",
				);
				MARKETING_VERSION = 1.0;
				PRODUCT_BUNDLE_IDENTIFIER = com.takafumi.Assignment2;
				PRODUCT_NAME = "$(TARGET_NAME)";
				SWIFT_EMIT_LOC_STRINGS = YES;
				SWIFT_VERSION = 5.0;
				TARGETED_DEVICE_FAMILY = 1;
			};
			name = Debug;
		};
		000FCCD0270FE3F3007ED2DF /* Release */ = {
			isa = XCBuildConfiguration;
			buildSettings = {
				ASSETCATALOG_COMPILER_APPICON_NAME = AppIcon;
				ASSETCATALOG_COMPILER_GLOBAL_ACCENT_COLOR_NAME = AccentColor;
				CODE_SIGN_STYLE = Automatic;
				CURRENT_PROJECT_VERSION = 1;
				DEVELOPMENT_TEAM = W8F4V4L55U;
				GENERATE_INFOPLIST_FILE = YES;
				INFOPLIST_FILE = Assignment2/Info.plist;
				INFOPLIST_KEY_UIApplicationSupportsIndirectInputEvents = YES;
				INFOPLIST_KEY_UILaunchStoryboardName = LaunchScreen;
				INFOPLIST_KEY_UIMainStoryboardFile = Main;
				INFOPLIST_KEY_UISupportedInterfaceOrientations_iPad = "UIInterfaceOrientationPortrait UIInterfaceOrientationPortraitUpsideDown UIInterfaceOrientationLandscapeLeft UIInterfaceOrientationLandscapeRight";
				INFOPLIST_KEY_UISupportedInterfaceOrientations_iPhone = "UIInterfaceOrientationPortrait UIInterfaceOrientationLandscapeLeft UIInterfaceOrientationLandscapeRight";
				LD_RUNPATH_SEARCH_PATHS = (
					"$(inherited)",
					"@executable_path/Frameworks",
				);
				MARKETING_VERSION = 1.0;
				PRODUCT_BUNDLE_IDENTIFIER = com.takafumi.Assignment2;
				PRODUCT_NAME = "$(TARGET_NAME)";
				SWIFT_EMIT_LOC_STRINGS = YES;
				SWIFT_VERSION = 5.0;
				TARGETED_DEVICE_FAMILY = 1;
			};
			name = Release;
		};
/* End XCBuildConfiguration section */

/* Begin XCConfigurationList section */
		000FCCB5270FE3F1007ED2DF /* Build configuration list for PBXProject "Assignment2" */ = {
			isa = XCConfigurationList;
			buildConfigurations = (
				000FCCCC270FE3F3007ED2DF /* Debug */,
				000FCCCD270FE3F3007ED2DF /* Release */,
			);
			defaultConfigurationIsVisible = 0;
			defaultConfigurationName = Release;
		};
		000FCCCE270FE3F3007ED2DF /* Build configuration list for PBXNativeTarget "Assignment2" */ = {
			isa = XCConfigurationList;
			buildConfigurations = (
				000FCCCF270FE3F3007ED2DF /* Debug */,
				000FCCD0270FE3F3007ED2DF /* Release */,
			);
			defaultConfigurationIsVisible = 0;
			defaultConfigurationName = Release;
		};
/* End XCConfigurationList section */
	};
	rootObject = 000FCCB2270FE3F1007ED2DF /* Project object */;
}
